
Microsoft Visual Studio Solution File, Format Version 12.00
# Visual Studio Version 17
VisualStudioVersion = 17.5.33414.496
MinimumVisualStudioVersion = 10.0.40219.1
Project("{FAE04EC0-301F-11D3-BF4B-00C04F79EFBC}") = "OpenTK Triangle", "OpenTK Triangle\OpenTK Triangle.csproj", "{A9408BA2-9525-4EE5-80E4-0BFEF3F74AAA}"
EndProject
Global
	GlobalSection(SolutionConfigurationPlatforms) = preSolution
		Debug|Any CPU = Debug|Any CPU
		Release|Any CPU = Release|Any CPU
	EndGlobalSection
	GlobalSection(ProjectConfigurationPlatforms) = postSolution
		{A9408BA2-9525-4EE5-80E4-0BFEF3F74AAA}.Debug|Any CPU.ActiveCfg = Debug|Any CPU
		{A9408BA2-9525-4EE5-80E4-0BFEF3F74AAA}.Debug|Any CPU.Build.0 = Debug|Any CPU
		{A9408BA2-9525-4EE5-80E4-0BFEF3F74AAA}.Release|Any CPU.ActiveCfg = Release|Any CPU
		{A9408BA2-9525-4EE5-80E4-0BFEF3F74AAA}.Release|Any CPU.Build.0 = Release|Any CPU
	EndGlobalSection
	GlobalSection(SolutionProperties) = preSolution
		HideSolutionNode = FALSE
	EndGlobalSection
	GlobalSection(ExtensibilityGlobals) = postSolution
		SolutionGuid = {D402A73F-08C8-4681-B2B9-F77F7C10EE92}
	EndGlobalSection
EndGlobal
